cloud.google.com/go v0.34.0/go.mod h1:aQUYkXzVsufM+DwF1aE+0xfcU+56JwCaLick0ClmMTw=
github.com/Azure/azure-sdk-for-go v57.0.0+incompatible/go.mod h1:9XXNKU+eRnpl9moKnB4QOLf1HestfXbmab5FXxiDBjc=
github.com/Azure/azure-sdk-for-go v66.0.0+incompatible h1:bmmC38SlE8/E81nNADlgmVGurPWMHDX2YNXVQMrBpEE=
github.com/Azure/azure-sdk-for-go v66.0.0+incompatible/go.mod h1:9XXNKU+eRnpl9moKnB4QOLf1HestfXbmab5FXxiDBjc=
github.com/Azure/azure-sdk-for-go/sdk/azcore v0.19.0/go.mod h1:h6H6c8enJmmocHUbLiiGY6sx7f9i+X3m1CHdd5c6Rdw=
github.com/Azure/azure-sdk-for-go/sdk/azcore v1.0.0 h1:sVPhtT2qjO86rTUaWMr4WoES4TkjGnzcioXcnHV9s5k=
github.com/Azure/azure-sdk-for-go/sdk/azcore v1.0.0/go.mod h1:uGG2W01BaETf0Ozp+QxxKJdMBNRWPdstHG0Fmdwn1/U=
github.com/Azure/azure-sdk-for-go/sdk/azcore v1.1.1 h1:tz19qLF65vuu2ibfTqGVJxG/zZAI27NEIIbvAOQwYbw=
github.com/Azure/azure-sdk-for-go/sdk/azcore v1.1.1/go.mod h1:uGG2W01BaETf0Ozp+QxxKJdMBNRWPdstHG0Fmdwn1/U=
github.com/Azure/azure-sdk-for-go/sdk/azidentity v0.10.0/go.mod h1:HcM1YX14R7CJcghJGOYCgdezslRSVzqwLf/q+4Y2r/0=
github.com/Azure/azure-sdk-for-go/sdk/azidentity v1.1.0 h1:QkAcEIAKbNL4KoFr4SathZPhDhF4mVwpBMFlYjyAqy8=
github.com/Azure/azure-sdk-for-go/sdk/azidentity v1.1.0/go.mod h1:bhXu1AjYL+wutSL/kpSq6s7733q2Rb0yuot9Zgfqa/0=
github.com/Azure/azure-sdk-for-go/sdk/internal v0.7.0/go.mod h1:yqy467j36fJxcRV2TzfVZ1pCb5vxm4BtZPUdYWe/Xo8=
github.com/Azure/azure-sdk-for-go/sdk/internal v1.0.0 h1:jp0dGvZ7ZK0mgqnTSClMxa5xuRL7NZgHameVYF6BurY=
github.com/Azure/azure-sdk-for-go/sdk/internal v1.0.0/go.mod h1:eWRD7oawr1Mu1sLCawqVc0CUiF43ia3qQMxLscsKQ9w=
github.com/Azure/azure-sdk-for-go/sdk/resourcemanager/containerservice/armcontainerservice v1.0.0 h1:figxyQZXzZQIcP3njhC68bYUiTw45J8/SsHaLW8Ax0M=
github.com/Azure/azure-sdk-for-go/sdk/resourcemanager/containerservice/armcontainerservice v1.0.0/go.mod h1:TmlMW4W5OvXOmOyKNnor8nlMMiO1ctIyzmHme/VHsrA=
github.com/Azure/azure-sdk-for-go/sdk/resourcemanager/resources/armresources v1.0.0 h1:ECsQtyERDVz3NP3kvDOTLvbQhqWp/x9EsGKtb4ogUr8=
github.com/Azure/azure-sdk-for-go/sdk/resourcemanager/resources/armresources v1.0.0/go.mod h1:s1tW/At+xHqjNFvWU4G0c0Qv33KOhvbGNj0RCTQDV8s=
github.com/Azure/azure-sdk-for-go/sdk/resourcemanager/resources/armsubscriptions v1.0.0 h1:xXmHA6JxGDHOY2anNQhpgIibZOiEaOvPLZOiAs07/4k=
github.com/Azure/azure-sdk-for-go/sdk/resourcemanager/resources/armsubscriptions v1.0.0/go.mod h1:qkZjuhvy20x2Ckq4BzopZ8UjZLhib6nRJbRQiC6EFXY=
github.com/Azure/azure-sdk-for-go/sdk/resources/armresources v0.0.0-20211013202913-b544a93fd808 h1:3FwmuvOaTCGOSX2g+QWpwC8rQw4f1OC2Ac2V0yskEqI=
github.com/Azure/azure-sdk-for-go/sdk/resources/armresources v0.0.0-20211013202913-b544a93fd808/go.mod h1:hiJTNB20sTZyoG9YdGvQcevQdO/oQddDn1oydKXIHRA=
github.com/Azure/go-autorest v14.2.0+incompatible h1:V5VMDjClD3GiElqLWO7mz2MxNAK/vTfRHdAubSIPRgs=
github.com/Azure/go-autorest v14.2.0+incompatible/go.mod h1:r+4oMnoxhatjLLJ6zxSWATqVooLgysK6ZNox3g/xq24=
github.com/Azure/go-autorest/autorest v0.11.24/go.mod h1:G6kyRlFnTuSbEYkQGawPfsCswgme4iYf6rfSKUDzbCc=
github.com/Azure/go-autorest/autorest v0.11.27 h1:F3R3q42aWytozkV8ihzcgMO4OA4cuqr3bNlsEuF6//A=
github.com/Azure/go-autorest/autorest v0.11.27/go.mod h1:7l8ybrIdUmGqZMTD0sRtAr8NvbHjfofbf8RSP2q7w7U=
github.com/Azure/go-autorest/autorest/adal v0.9.18 h1:kLnPsRjzZZUF3K5REu/Kc+qMQrvuza2bwSnNdhmzLfQ=
github.com/Azure/go-autorest/autorest/adal v0.9.18/go.mod h1:XVVeme+LZwABT8K5Lc3hA4nAe8LDBVle26gTrguhhPQ=
github.com/Azure/go-autorest/autorest/azure/auth v0.5.11 h1:P6bYXFoao05z5uhOQzbC3Qd8JqF3jUoocoTeIxkp2cA=
github.com/Azure/go-autorest/autorest/azure/auth v0.5.11/go.mod h1:84w/uV8E37feW2NCJ08uT9VBfjfUHpgLVnG2InYD6cg=
github.com/Azure/go-autorest/autorest/azure/cli v0.4.5 h1:0W/yGmFdTIT77fvdlGZ0LMISoLHFJ7Tx4U0yeB+uFs4=
github.com/Azure/go-autorest/autorest/azure/cli v0.4.5/go.mod h1:ADQAXrkgm7acgWVUNamOgh8YNrv4p27l3Wc55oVfpzg=
github.com/Azure/go-autorest/autorest/date v0.3.0 h1:7gUk1U5M/CQbp9WoqinNzJar+8KY+LPI6wiWrP/myHw=
github.com/Azure/go-autorest/autorest/date v0.3.0/go.mod h1:BI0uouVdmngYNUzGWeSYnokU+TrmwEsOqdt8Y6sso74=
github.com/Azure/go-autorest/autorest/mocks v0.4.1/go.mod h1:LTp+uSrOhSkaKrUy935gNZuuIPPVsHlr9DSOxSayd+k=
github.com/Azure/go-autorest/autorest/mocks v0.4.2/go.mod h1:Vy7OitM9Kei0i1Oj+LvyAWMXJHeKH1MVlzFugfVrmyU=
github.com/Azure/go-autorest/autorest/to v0.4.0 h1:oXVqrxakqqV1UZdSazDOPOLvOIz+XA683u8EctwboHk=
github.com/Azure/go-autorest/autorest/to v0.4.0/go.mod h1:fE8iZBn7LQR7zH/9XU2NcPR4o9jEImooCeWJcYV/zLE=
github.com/Azure/go-autorest/autorest/validation v0.3.1 h1:AgyqjAd94fwNAoTjl/WQXg4VvFeRFpO+UhNyRXqF1ac=
github.com/Azure/go-autorest/autorest/validation v0.3.1/go.mod h1:yhLgjC0Wda5DYXl6JAsWyUe4KVNffhoDhG0zVzUMo3E=
github.com/Azure/go-autorest/logger v0.2.1 h1:IG7i4p/mDa2Ce4TRyAO8IHnVhAVF3RFU+ZtXWSmf4Tg=
github.com/Azure/go-autorest/logger v0.2.1/go.mod h1:T9E3cAhj2VqvPOtCYAvby9aBXkZmbF5NWuPV8+WeEW8=
github.com/Azure/go-autorest/tracing v0.6.0 h1:TYi4+3m5t6K48TGI9AUdb+IzbnSxvnvUMfuitfgcfuo=
github.com/Azure/go-autorest/tracing v0.6.0/go.mod h1:+vhtPC754Xsa23ID7GlGsrdKBpUA79WCAKPPZVC2DeU=
github.com/AzureAD/microsoft-authentication-library-for-go v0.5.1 h1:BWe8a+f/t+7KY7zH2mqygeUD0t8hNFXe08p1Pb3/jKE=
github.com/AzureAD/microsoft-authentication-library-for-go v0.5.1/go.mod h1:Vt9sXTKwMyGcOxSmLDMnGPgqsUg7m8pe215qMLrDXw4=
github.com/DataDog/datadog-api-client-go/v2 v2.0.0 h1:0WONI0Ynvw77BJQgB4dlT9pTDQIWcce1nUbfxP8/2GQ=
github.com/DataDog/datadog-api-client-go/v2 v2.0.0/go.mod h1:TKPYo19mOWFhC1VMKs5pxWz16/z4ElGnqaoCiRabLmE=
github.com/DataDog/zstd v1.5.0 h1:+K/VEwIAaPcHiMtQvpLD4lqW7f0Gk3xdYZmI1hD+CXo=
github.com/DataDog/zstd v1.5.0/go.mod h1:g4AWEaM3yOg3HYfnJ3YIawPnVdXJh9QME85blwSAmyw=
github.com/aws/aws-sdk-go v1.44.56 h1:bT+lExwagH7djxb6InKUVkEKGPAj5aAPnV85/m1fKro=
github.com/aws/aws-sdk-go v1.44.56/go.mod h1:y4AeaBuwd2Lk+GepC1E9v0qOiTws0MIWAX4oIKwKHZo=
github.com/aws/aws-sdk-go-v2 v1.16.7 h1:zfBwXus3u14OszRxGcqCDS4MfMCv10e8SMJ2r8Xm0Ns=
github.com/aws/aws-sdk-go-v2 v1.16.7/go.mod h1:6CpKuLXg2w7If3ABZCl/qZ6rEgwtjZTn4eAf4RcEyuw=
github.com/aws/aws-sdk-go-v2/config v1.15.14 h1:+BqpqlydTq4c2et9Daury7gE+o67P4lbk7eybiCBNc4=
github.com/aws/aws-sdk-go-v2/config v1.15.14/go.mod h1:CQBv+VVv8rR5z2xE+Chdh5m+rFfsqeY4k0veEZeq6QM=
github.com/aws/aws-sdk-go-v2/credentials v1.12.9 h1:DloAJr0/jbvm0iVRFDFh8GlWxrOd9XKyX82U+dfVeZs=
github.com/aws/aws-sdk-go-v2/credentials v1.12.9/go.mod h1:2Vavxl1qqQXJ8MUcQZTsIEW8cwenFCWYXtLRPba3L/o=
github.com/aws/aws-sdk-go-v2/feature/ec2/imds v1.12.8 h1:VfBdn2AxwMbFyJN/lF/xuT3SakomJ86PZu3rCxb5K0s=
github.com/aws/aws-sdk-go-v2/feature/ec2/imds v1.12.8/go.mod h1:oL1Q3KuCq1D4NykQnIvtRiBGLUXhcpY5pl6QZB2XEPU=
github.com/aws/aws-sdk-go-v2/internal/configsources v1.1.14 h1:2C0pYHcUBmdzPj+EKNC4qj97oK6yjrUhc1KoSodglvk=
github.com/aws/aws-sdk-go-v2/internal/configsources v1.1.14/go.mod h1:kdjrMwHwrC3+FsKhNcCMJ7tUVj/8uSD5CZXeQ4wV6fM=
github.com/aws/aws-sdk-go-v2/internal/endpoints/v2 v2.4.8 h1:2J+jdlBJWEmTyAwC82Ym68xCykIvnSnIN18b8xHGlcc=
github.com/aws/aws-sdk-go-v2/internal/endpoints/v2 v2.4.8/go.mod h1:ZIV8GYoC6WLBW5KGs+o4rsc65/ozd+eQ0L31XF5VDwk=
github.com/aws/aws-sdk-go-v2/internal/ini v1.3.15 h1:QquxR7NH3ULBsKC+NoTpilzbKKS+5AELfNREInbhvas=
github.com/aws/aws-sdk-go-v2/internal/ini v1.3.15/go.mod h1:Tkrthp/0sNBShQQsamR7j/zY4p19tVTAs+nnqhH6R3c=
github.com/aws/aws-sdk-go-v2/service/internal/presigned-url v1.9.8 h1:oKnAXxSF2FUvfgw8uzU/v9OTYorJJZ8eBmWhr9TWVVQ=
github.com/aws/aws-sdk-go-v2/service/internal/presigned-url v1.9.8/go.mod h1:rDVhIMAX9N2r8nWxDUlbubvvaFMnfsm+3jAV7q+rpM4=
github.com/aws/aws-sdk-go-v2/service/sso v1.11.12 h1:760bUnTX/+d693FT6T6Oa7PZHfEQT9XMFZeM5IQIB0A=
github.com/aws/aws-sdk-go-v2/service/sso v1.11.12/go.mod h1:MO4qguFjs3wPGcCSpQ7kOFTwRvb+eu+fn+1vKleGHUk=
github.com/aws/aws-sdk-go-v2/service/sts v1.16.9 h1:yOfILxyjmtr2ubRkRJldlHDFBhf5vw4CzhbwWIBmimQ=
github.com/aws/aws-sdk-go-v2/service/sts v1.16.9/go.mod h1:O1IvkYxr+39hRf960Us6j0x1P8pDqhTX+oXM5kQNl/Y=
github.com/aws/smithy-go v1.12.0 h1:gXpeZel/jPoWQ7OEmLIgCUnhkFftqNfwWUwAHSlp1v0=
github.com/aws/smithy-go v1.12.0/go.mod h1:Tg+OJXh4MB2R/uN61Ko2f6hTZwB/ZYGOtib8J3gBHzA=
github.com/davecgh/go-spew v1.1.0 h1:ZDRjVQ15GmhC3fiQ8ni8+OwkZQO4DARzQgrnXU1Liz8=
github.com/davecgh/go-spew v1.1.0/go.mod h1:J7Y8YcW2NihsgmVo/mv3lAwl/skON4iLHjSsI+c5H38=
github.com/davecgh/go-spew v1.1.1 h1:vj9j/u1bqnvCEfJOwUhtlOARqs3+rkHYY13jYWTU97c=
github.com/davecgh/go-spew v1.1.1/go.mod h1:J7Y8YcW2NihsgmVo/mv3lAwl/skON4iLHjSsI+c5H38=
github.com/dimchansky/utfbom v1.1.1 h1:vV6w1AhK4VMnhBno/TPVCoK9U/LP0PkLCS9tbxHdi/U=
github.com/dimchansky/utfbom v1.1.1/go.mod h1:SxdoEBH5qIqFocHMyGOXVAybYJdr71b1Q/j0mACtrfE=
github.com/dnaeon/go-vcr v1.2.0/go.mod h1:R4UdLID7HZT3taECzJs4YgbbH6PIGXB6W/sc5OLb6RQ=
github.com/golang-jwt/jwt v3.2.1+incompatible h1:73Z+4BJcrTC+KczS6WvTPvRGOp1WmfEP4Q1lOd9Z/+c=
github.com/golang-jwt/jwt v3.2.1+incompatible/go.mod h1:8pz2t5EyA70fFQQSrl6XZXzqecmYZeUEB8OUGHkxJ+I=
github.com/golang-jwt/jwt/v4 v4.0.0/go.mod h1:/xlHOz8bRuivTWchD4jCa+NbatV+wEUSzwAxVc6locg=
github.com/golang-jwt/jwt/v4 v4.2.0 h1:besgBTC8w8HjP6NzQdxwKH9Z5oQMZ24ThTrHp3cZ8eU=
github.com/golang-jwt/jwt/v4 v4.2.0/go.mod h1:/xlHOz8bRuivTWchD4jCa+NbatV+wEUSzwAxVc6locg=
github.com/golang/protobuf v1.2.0 h1:P3YflyNX/ehuJFLhxviNdFxQPkGK5cDcApsge1SqnvM=
github.com/golang/protobuf v1.2.0/go.mod h1:6lQm79b+lXiMfvg/cZm0SGofjICqVBUtrP5yJMmIC1U=
github.com/google/go-cmp v0.5.8/go.mod h1:17dUlkBOakJ0+DkrSSNjCkIjxS6bF9zb3elmeNGIjoY=
github.com/google/uuid v1.1.1 h1:Gkbcsh/GbpXz7lPftLA3P6TYMwjCLYm83jiFQZF/3gY=
github.com/google/uuid v1.1.1/go.mod h1:TIyPZe4MgqvfeYDBFedMoGGpEw/LqOeaOT+nhxU+yHo=
github.com/hashicorp/go-version v1.6.0 h1:feTTfFNnjP967rlCxM/I9g701jU+RN74YKx2mOkIeek=
github.com/hashicorp/go-version v1.6.0/go.mod h1:fltr4n8CU8Ke44wwGCBoEymUuxUHl09ZGVZPK5anwXA=
github.com/jmespath/go-jmespath v0.4.0 h1:BEgLn5cpjn8UN1mAw4NjwDrS35OdebyEtFe+9YPoQUg=
github.com/jmespath/go-jmespath v0.4.0/go.mod h1:T8mJZnbsbmF+m6zOOFylbeCJqk5+pHWvzYPziyZiYoo=
github.com/jmespath/go-jmespath/internal/testify v1.5.1 h1:shLQSRRSCCPj3f2gpwzGwWFoC7ycTf1rcQZHOlsJ6N8=
github.com/jmespath/go-jmespath/internal/testify v1.5.1/go.mod h1:L3OGu8Wl2/fWfCI6z80xFu9LTZmf1ZRjMHUOPmWr69U=
github.com/kylelemons/godebug v1.1.0 h1:RPNrshWIDI6G2gRW9EHilWtl7Z6Sb1BR0xunSBf0SNc=
github.com/kylelemons/godebug v1.1.0/go.mod h1:9/0rRGxNHcop5bhtWyNeEfOS8JIWk580+fNqagV/RAw=
github.com/mitchellh/go-homedir v1.1.0 h1:lukF9ziXFxDFPkA1vsr5zpc1XuPDn/wFntq5mG+4E0Y=
github.com/mitchellh/go-homedir v1.1.0/go.mod h1:SfyaCUpYCn1Vlf4IUYiD9fPX4A5wJrkLzIz1N1q0pr0=
github.com/modocache/gover v0.0.0-20171022184752-b58185e213c5/go.mod h1:caMODM3PzxT8aQXRPkAt8xlV/e7d7w8GM5g0fa5F0D8=
github.com/montanaflynn/stats v0.6.6/go.mod h1:etXPPgVO6n31NxCd9KQUMvCM+ve0ruNzt6R8Bnaayow=
github.com/pkg/browser v0.0.0-20180916011732-0a3d74bf9ce4/go.mod h1:4OwLy04Bl9Ef3GJJCoec+30X3LQs/0/m4HFRt/2LUSA=
github.com/pkg/browser v0.0.0-20210115035449-ce105d075bb4 h1:Qj1ukM4GlMWXNdMBuXcXfz/Kw9s1qm0CLY32QxuSImI=
github.com/pkg/browser v0.0.0-20210115035449-ce105d075bb4/go.mod h1:N6UoU20jOqggOuDwUaBQpluzLNDqif3kq9z2wpdYEfQ=
github.com/pkg/errors v0.9.1/go.mod h1:bwawxfHBFNV+L2hUp1rHADufV3IMtnDRdf1r5NINEl0=
github.com/pmezard/go-difflib v1.0.0 h1:4DBwDE0NGyQoBHbLQYPwSUPoCMWR5BEzIk/f1lZbAQM=
github.com/pmezard/go-difflib v1.0.0/go.mod h1:iKH77koFhYxTK1pcRnkKkqfTogsbg7gZNVY4sRDYZ/4=
github.com/stretchr/objx v0.1.0/go.mod h1:HFkY916IF+rwdDfMAkV7OtwuqBVzrE8GR6GFx+wExME=
github.com/stretchr/testify v1.3.0/go.mod h1:M5WIy9Dh21IEIfnGCwXGc5bZfKNJtfHm1UVUgZn+9EI=
github.com/stretchr/testify v1.7.0/go.mod h1:6Fq8oRcR53rry900zMqJjRRixrwX3KX962/h/Wwjteg=
golang.org/x/crypto v0.0.0-20190308221718-c2843e01d9a2/go.mod h1:djNgcEr1/C05ACkg1iLfiJU5Ep61QUkGW8qpdssI0+w=
golang.org/x/crypto v0.0.0-20201016220609-9e8e0b390897/go.mod h1:LzIPMQfyMNhhGPhUkYOs5KpL4U8rLKemX1yGLhDgUto=
golang.org/x/crypto v0.0.0-20210921155107-089bfa567519/go.mod h1:GvvjBRRGRdwPK5ydBHafDWAxML/pGHZbMvKqRZ5+Abc=
golang.org/x/crypto v0.0.0-20211215153901-e495a2d5b3d3/go.mod h1:IxCIyHEi3zRg3s0A5j5BB6A9Jmi73HwBIUl50j+osU4=
golang.org/x/crypto v0.0.0-20220511200225-c6db032c6c88 h1:Tgea0cVUD0ivh5ADBX4WwuI12DUd2to3nCYe2eayMIw=
golang.org/x/crypto v0.0.0-20220511200225-c6db032c6c88/go.mod h1:IxCIyHEi3zRg3s0A5j5BB6A9Jmi73HwBIUl50j+osU4=
golang.org/x/net v0.0.0-20180724234803-3673e40ba225/go.mod h1:mL1N/T3taQHkDXs73rZJwtUhF3w3ftmwwsq0BUmARs4=
golang.org/x/net v0.0.0-20190108225652-1e06a53dbb7e/go.mod h1:mL1N/T3taQHkDXs73rZJwtUhF3w3ftmwwsq0BUmARs4=
golang.org/x/net v0.0.0-20190404232315-eb5bcb51f2a3/go.mod h1:t9HGtf8HONx5eT2rtn7q6eTqICYqUVnKs3thJo3Qplg=
golang.org/x/net v0.0.0-20210226172049-e18ecbb05110/go.mod h1:m0MpNAwzfU5UDzcl9v0D8zg8gWTRqZa9RBIspLL5mdg=
golang.org/x/net v0.0.0-20210610132358-84b48f89b13b/go.mod h1:9nx3DQGgdP8bBQD5qxJ1jj9UTztislL4KSBs9R2vV5Y=
golang.org/x/net v0.0.0-20211112202133-69e39bad7dc2/go.mod h1:9nx3DQGgdP8bBQD5qxJ1jj9UTztislL4KSBs9R2vV5Y=
golang.org/x/net v0.0.0-20220127200216-cd36cc0744dd/go.mod h1:CfG3xpIq0wQ8r1q4Su4UZFWDARRcnwPjda9FqA0JpMk=
golang.org/x/net v0.0.0-20220425223048-2871e0cb64e4 h1:HVyaeDAYux4pnY+D/SiwmLOR36ewZ4iGQIIrtnuCjFA=
golang.org/x/net v0.0.0-20220425223048-2871e0cb64e4/go.mod h1:CfG3xpIq0wQ8r1q4Su4UZFWDARRcnwPjda9FqA0JpMk=
golang.org/x/oauth2 v0.0.0-20200107190931-bf48bf16ab8d h1:TzXSXBo42m9gQenoE3b9BGiEpg5IG2JkU5FkPIawgtw=
golang.org/x/oauth2 v0.0.0-20200107190931-bf48bf16ab8d/go.mod h1:gOpvHmFTYa4IltrdGE7lF6nIHvwfUNPOp7c8zoXwtLw=
golang.org/x/sync v0.0.0-20181221193216-37e7f081c4d4/go.mod h1:RxMgew5VJxzue5/jJTE5uejpjVlOe/izrB70Jof72aM=
golang.org/x/sys v0.0.0-20190215142949-d0b11bdaac8a/go.mod h1:STP8DvDyc/dI5b8T5hshtkjS+E42TnysNCUPdjciGhY=
golang.org/x/sys v0.0.0-20190412213103-97732733099d/go.mod h1:h1NjWce9XRLGQEsW7wpKNCjG9DtNlClVuFLEZdDNbEs=
golang.org/x/sys v0.0.0-20201119102817-f84b799fce68/go.mod h1:h1NjWce9XRLGQEsW7wpKNCjG9DtNlClVuFLEZdDNbEs=
golang.org/x/sys v0.0.0-20210124154548-22da62e12c0c/go.mod h1:h1NjWce9XRLGQEsW7wpKNCjG9DtNlClVuFLEZdDNbEs=
golang.org/x/sys v0.0.0-20210423082822-04245dca01da/go.mod h1:h1NjWce9XRLGQEsW7wpKNCjG9DtNlClVuFLEZdDNbEs=
golang.org/x/sys v0.0.0-20210615035016-665e8c7367d1/go.mod h1:oPkhp1MJrh7nUepCBck5+mAzfO9JrbApNNgaTdGDITg=
golang.org/x/sys v0.0.0-20211216021012-1d35b9e2eb4e h1:fLOSk5Q00efkSvAm+4xcoXD+RRmLmmulPn5I3Y9F2EM=
golang.org/x/sys v0.0.0-20211216021012-1d35b9e2eb4e/go.mod h1:oPkhp1MJrh7nUepCBck5+mAzfO9JrbApNNgaTdGDITg=
golang.org/x/term v0.0.0-20201126162022-7de9c90e9dd1/go.mod h1:bj7SfCRtBDWHUb9snDiAeCFNEtKQo2Wmx5Cou7ajbmo=
golang.org/x/term v0.0.0-20210927222741-03fcf44c2211/go.mod h1:jbD1KX2456YbFQfuXm/mYQcufACuNUgVhRMnK/tPxf8=
golang.org/x/text v0.3.0/go.mod h1:NqM8EUOU14njkJ3fqMW+pc6Ldnwhi/IjpwHt7yyuwOQ=
golang.org/x/text v0.3.3/go.mod h1:5Zoc/QRtKVWzQhOtBMvqHzDpF6irO9z98xDceosuGiQ=
golang.org/x/text v0.3.6/go.mod h1:5Zoc/QRtKVWzQhOtBMvqHzDpF6irO9z98xDceosuGiQ=
golang.org/x/text v0.3.7 h1:olpwvP2KacW1ZWvsR7uQhoyTYvKAupfQrRGBFM352Gk=
golang.org/x/text v0.3.7/go.mod h1:u+2+/6zg+i71rQMx5EYifcz6MCKuco9NR6JIITiCfzQ=
golang.org/x/tools v0.0.0-20180917221912-90fa682c2a6e/go.mod h1:n7NCudcB/nEzxVGmLbDWY5pfWTLqBcC2KZ6jyYvM4mQ=
google.golang.org/appengine v1.4.0 h1:/wp5JvzpHIxhs/dumFmF7BXTf3Z+dd4uXta4kVyO508=
google.golang.org/appengine v1.4.0/go.mod h1:xpcJRLb0r/rnEns0DIKYYv+WjYCduHsrkT7/EB5XEv4=
gopkg.in/check.v1 v0.0.0-20161208181325-20d25e280405/go.mod h1:Co6ibVJAznAaIkqp8huTwlJQCZ016jof/cbN4VW5Yz0=
gopkg.in/ini.v1 v1.66.6 h1:LATuAqN/shcYAOkv3wl2L4rkaKqkcgTBQjOyYDvcPKI=
gopkg.in/ini.v1 v1.66.6/go.mod h1:pNLf8WUiyNEtQjuu5G5vTm06TEv9tsIgeAvK8hOrP4k=
gopkg.in/yaml.v2 v2.2.8 h1:obN1ZagJSUGI0Ek/LBmuj4SNLPfIny3KsKFopxRdj10=
gopkg.in/yaml.v2 v2.2.8/go.mod h1:hI93XBmqTisBFMUTm0b8Fm+jr3Dg1NNxqwp+5A1VGuI=
gopkg.in/yaml.v2 v2.4.0/go.mod h1:RDklbk79AGWmwhnvt/jBztapEOGDOx6ZbXqjP6csGnQ=
gopkg.in/yaml.v3 v3.0.0-20200313102051-9f266ea9e77c/go.mod h1:K4uyk7z7BCEPqu6E+C64Yfv1cQ7kz7rIZviUmN+EgEM=
gopkg.in/yaml.v3 v3.0.0-20210107192922-496545a6307b/go.mod h1:K4uyk7z7BCEPqu6E+C64Yfv1cQ7kz7rIZviUmN+EgEM=
